
Microsoft Visual Studio Solution File, Format Version 12.00
# Visual Studio Version 17
VisualStudioVersion = 17.5.002.0
MinimumVisualStudioVersion = 10.0.40219.1
Project("{2150E333-8FDC-42A3-9474-1A3956D46DE8}") = "src", "src", "{A40124F7-489F-4B40-84CD-C1B4AC55D8AA}"
EndProject
Project("{9A19103F-16F7-4668-BE54-9A1E7A4F7556}") = "RiverBooks.Web", "src\RiverBooks.Web\RiverBooks.Web.csproj", "{B5A76286-A207-44DD-AC3F-CF08260AB168}"
EndProject
Project("{2150E333-8FDC-42A3-9474-1A3956D46DE8}") = "UsersModule", "UsersModule", "{DDE9477B-7AB5-480B-B1B2-58B1270FF451}"
EndProject
Project("{9A19103F-16F7-4668-BE54-9A1E7A4F7556}") = "RiverBooks.Users.Contracts", "src\UsersModule\RiverBooks.Users.Contracts\RiverBooks.Users.Contracts.csproj", "{2A519DB1-019E-4013-B576-85DC1A90159F}"
EndProject
Project("{9A19103F-16F7-4668-BE54-9A1E7A4F7556}") = "RiverBooks.Users", "src\UsersModule\RiverBooks.Users\RiverBooks.Users.csproj", "{38258373-0948-434E-A3C3-82AA56F20857}"
EndProject
Project("{2150E333-8FDC-42A3-9474-1A3956D46DE8}") = "OrderProcessingModule", "OrderProcessingModule", "{41B97CF7-9D18-4118-A011-0611CC810544}"
EndProject
Project("{9A19103F-16F7-4668-BE54-9A1E7A4F7556}") = "RiverBooks.OrderProcessing", "src\OrderProcessingModule\RiverBooks.OrderProcessing\RiverBooks.OrderProcessing.csproj", "{4DC6E644-6F00-41FC-A62D-CDF305418A91}"
EndProject
Project("{9A19103F-16F7-4668-BE54-9A1E7A4F7556}") = "RiverBooks.OrderProcessing.Contracts", "src\OrderProcessingModule\RiverBooks.OrderProcessing.Contracts\RiverBooks.OrderProcessing.Contracts.csproj", "{E7942988-9C1C-4270-946D-1C01B9F169D6}"
EndProject
Project("{2150E333-8FDC-42A3-9474-1A3956D46DE8}") = "BooksModule", "BooksModule", "{9230DC13-8482-47D1-BC1C-6D259D1D0140}"
EndProject
Project("{9A19103F-16F7-4668-BE54-9A1E7A4F7556}") = "RiverBooks.Books.Contracts", "src\BooksModule\RiverBooks.Books.Contracts\RiverBooks.Books.Contracts.csproj", "{CE7CD3B1-2BDC-4626-8445-CF48E497F440}"
EndProject
Project("{9A19103F-16F7-4668-BE54-9A1E7A4F7556}") = "RiverBooks.Books.Tests", "src\BooksModule\RiverBooks.Books.Tests\RiverBooks.Books.Tests.csproj", "{E746A174-8987-49D3-9DBA-C88F4D9B017A}"
EndProject
Project("{9A19103F-16F7-4668-BE54-9A1E7A4F7556}") = "RiverBooks.Books", "src\BooksModule\RiverBooks.Books\RiverBooks.Books.csproj", "{4CEF2C8B-E0D9-4090-8D6B-52D75D9A055D}"
EndProject
Project("{9A19103F-16F7-4668-BE54-9A1E7A4F7556}") = "RiverBooks.SharedKernel", "src\RiverBooks.SharedKernel\RiverBooks.SharedKernel.csproj", "{092216A5-2569-43FF-9A65-7A11CDA16762}"
EndProject
Project("{9A19103F-16F7-4668-BE54-9A1E7A4F7556}") = "RiverBooks.OrderProcessing.Tests", "src\OrderProcessingModule\RiverBooks.OrderProcessing.Tests\RiverBooks.OrderProcessing.Tests.csproj", "{1AA0F11E-25C9-4DFB-A590-C078FA89C094}"
EndProject
Project("{2150E333-8FDC-42A3-9474-1A3956D46DE8}") = "_Solutions Item", "_Solutions Item", "{7C4375C9-E78B-4D03-BA59-9510D98D2AD1}"
	ProjectSection(SolutionItems) = preProject
		.editorconfig = .editorconfig
		.gitignore = .gitignore
		docker-compose.yml = docker-compose.yml
		README.md = README.md
	EndProjectSection
EndProject
Project("{FAE04EC0-301F-11D3-BF4B-00C04F79EFBC}") = "RiverBooks.EmailSending", "src\EmailSendingModule\RiverBooks.EmailSending\RiverBooks.EmailSending.csproj", "{414B95B0-11B1-4178-B2DC-7C02D6124746}"
EndProject
Project("{2150E333-8FDC-42A3-9474-1A3956D46DE8}") = "EmailSendingModule", "EmailSendingModule", "{100CF025-391F-47A9-9904-A8C16C15B6E9}"
EndProject
Project("{FAE04EC0-301F-11D3-BF4B-00C04F79EFBC}") = "RiverBooks.EmailSending.Contracts", "src\EmailSendingModule\RiverBooks.EmailSending.Contracts\RiverBooks.EmailSending.Contracts.csproj", "{D874CA27-50C1-49C6-9AC3-A9FE34991DD5}"
EndProject
Project("{2150E333-8FDC-42A3-9474-1A3956D46DE8}") = "ReportingModule", "ReportingModule", "{CA9494E8-DBFC-4DA4-9C0B-34AE6E108730}"
EndProject
Project("{FAE04EC0-301F-11D3-BF4B-00C04F79EFBC}") = "RiverBooks.Reporting", "src\ReportingModule\RiverBooks.Reporting\RiverBooks.Reporting.csproj", "{1A21046A-653E-4D98-94AB-533756281434}"
EndProject
Global
	GlobalSection(SolutionConfigurationPlatforms) = preSolution
		Debug|Any CPU = Debug|Any CPU
		Release|Any CPU = Release|Any CPU
	EndGlobalSection
	GlobalSection(ProjectConfigurationPlatforms) = postSolution
		{B5A76286-A207-44DD-AC3F-CF08260AB168}.Debug|Any CPU.ActiveCfg = Debug|Any CPU
		{B5A76286-A207-44DD-AC3F-CF08260AB168}.Debug|Any CPU.Build.0 = Debug|Any CPU
		{B5A76286-A207-44DD-AC3F-CF08260AB168}.Release|Any CPU.ActiveCfg = Release|Any CPU
		{B5A76286-A207-44DD-AC3F-CF08260AB168}.Release|Any CPU.Build.0 = Release|Any CPU
		{2A519DB1-019E-4013-B576-85DC1A90159F}.Debug|Any CPU.ActiveCfg = Debug|Any CPU
		{2A519DB1-019E-4013-B576-85DC1A90159F}.Debug|Any CPU.Build.0 = Debug|Any CPU
		{2A519DB1-019E-4013-B576-85DC1A90159F}.Release|Any CPU.ActiveCfg = Release|Any CPU
		{2A519DB1-019E-4013-B576-85DC1A90159F}.Release|Any CPU.Build.0 = Release|Any CPU
		{38258373-0948-434E-A3C3-82AA56F20857}.Debug|Any CPU.ActiveCfg = Debug|Any CPU
		{38258373-0948-434E-A3C3-82AA56F20857}.Debug|Any CPU.Build.0 = Debug|Any CPU
		{38258373-0948-434E-A3C3-82AA56F20857}.Release|Any CPU.ActiveCfg = Release|Any CPU
		{38258373-0948-434E-A3C3-82AA56F20857}.Release|Any CPU.Build.0 = Release|Any CPU
		{4DC6E644-6F00-41FC-A62D-CDF305418A91}.Debug|Any CPU.ActiveCfg = Debug|Any CPU
		{4DC6E644-6F00-41FC-A62D-CDF305418A91}.Debug|Any CPU.Build.0 = Debug|Any CPU
		{4DC6E644-6F00-41FC-A62D-CDF305418A91}.Release|Any CPU.ActiveCfg = Release|Any CPU
		{4DC6E644-6F00-41FC-A62D-CDF305418A91}.Release|Any CPU.Build.0 = Release|Any CPU
		{E7942988-9C1C-4270-946D-1C01B9F169D6}.Debug|Any CPU.ActiveCfg = Debug|Any CPU
		{E7942988-9C1C-4270-946D-1C01B9F169D6}.Debug|Any CPU.Build.0 = Debug|Any CPU
		{E7942988-9C1C-4270-946D-1C01B9F169D6}.Release|Any CPU.ActiveCfg = Release|Any CPU
		{E7942988-9C1C-4270-946D-1C01B9F169D6}.Release|Any CPU.Build.0 = Release|Any CPU
		{CE7CD3B1-2BDC-4626-8445-CF48E497F440}.Debug|Any CPU.ActiveCfg = Debug|Any CPU
		{CE7CD3B1-2BDC-4626-8445-CF48E497F440}.Debug|Any CPU.Build.0 = Debug|Any CPU
		{CE7CD3B1-2BDC-4626-8445-CF48E497F440}.Release|Any CPU.ActiveCfg = Release|Any CPU
		{CE7CD3B1-2BDC-4626-8445-CF48E497F440}.Release|Any CPU.Build.0 = Release|Any CPU
		{E746A174-8987-49D3-9DBA-C88F4D9B017A}.Debug|Any CPU.ActiveCfg = Debug|Any CPU
		{E746A174-8987-49D3-9DBA-C88F4D9B017A}.Debug|Any CPU.Build.0 = Debug|Any CPU
		{E746A174-8987-49D3-9DBA-C88F4D9B017A}.Release|Any CPU.ActiveCfg = Release|Any CPU
		{E746A174-8987-49D3-9DBA-C88F4D9B017A}.Release|Any CPU.Build.0 = Release|Any CPU
		{4CEF2C8B-E0D9-4090-8D6B-52D75D9A055D}.Debug|Any CPU.ActiveCfg = Debug|Any CPU
		{4CEF2C8B-E0D9-4090-8D6B-52D75D9A055D}.Debug|Any CPU.Build.0 = Debug|Any CPU
		{4CEF2C8B-E0D9-4090-8D6B-52D75D9A055D}.Release|Any CPU.ActiveCfg = Release|Any CPU
		{4CEF2C8B-E0D9-4090-8D6B-52D75D9A055D}.Release|Any CPU.Build.0 = Release|Any CPU
		{092216A5-2569-43FF-9A65-7A11CDA16762}.Debug|Any CPU.ActiveCfg = Debug|Any CPU
		{092216A5-2569-43FF-9A65-7A11CDA16762}.Debug|Any CPU.Build.0 = Debug|Any CPU
		{092216A5-2569-43FF-9A65-7A11CDA16762}.Release|Any CPU.ActiveCfg = Release|Any CPU
		{092216A5-2569-43FF-9A65-7A11CDA16762}.Release|Any CPU.Build.0 = Release|Any CPU
		{1AA0F11E-25C9-4DFB-A590-C078FA89C094}.Debug|Any CPU.ActiveCfg = Debug|Any CPU
		{1AA0F11E-25C9-4DFB-A590-C078FA89C094}.Debug|Any CPU.Build.0 = Debug|Any CPU
		{1AA0F11E-25C9-4DFB-A590-C078FA89C094}.Release|Any CPU.ActiveCfg = Release|Any CPU
		{1AA0F11E-25C9-4DFB-A590-C078FA89C094}.Release|Any CPU.Build.0 = Release|Any CPU
		{414B95B0-11B1-4178-B2DC-7C02D6124746}.Debug|Any CPU.ActiveCfg = Debug|Any CPU
		{414B95B0-11B1-4178-B2DC-7C02D6124746}.Debug|Any CPU.Build.0 = Debug|Any CPU
		{414B95B0-11B1-4178-B2DC-7C02D6124746}.Release|Any CPU.ActiveCfg = Release|Any CPU
		{414B95B0-11B1-4178-B2DC-7C02D6124746}.Release|Any CPU.Build.0 = Release|Any CPU
		{D874CA27-50C1-49C6-9AC3-A9FE34991DD5}.Debug|Any CPU.ActiveCfg = Debug|Any CPU
		{D874CA27-50C1-49C6-9AC3-A9FE34991DD5}.Debug|Any CPU.Build.0 = Debug|Any CPU
		{D874CA27-50C1-49C6-9AC3-A9FE34991DD5}.Release|Any CPU.ActiveCfg = Release|Any CPU
		{D874CA27-50C1-49C6-9AC3-A9FE34991DD5}.Release|Any CPU.Build.0 = Release|Any CPU
		{1A21046A-653E-4D98-94AB-533756281434}.Debug|Any CPU.ActiveCfg = Debug|Any CPU
		{1A21046A-653E-4D98-94AB-533756281434}.Debug|Any CPU.Build.0 = Debug|Any CPU
		{1A21046A-653E-4D98-94AB-533756281434}.Release|Any CPU.ActiveCfg = Release|Any CPU
		{1A21046A-653E-4D98-94AB-533756281434}.Release|Any CPU.Build.0 = Release|Any CPU
	EndGlobalSection
	GlobalSection(SolutionProperties) = preSolution
		HideSolutionNode = FALSE
	EndGlobalSection
	GlobalSection(NestedProjects) = preSolution
		{B5A76286-A207-44DD-AC3F-CF08260AB168} = {A40124F7-489F-4B40-84CD-C1B4AC55D8AA}
		{DDE9477B-7AB5-480B-B1B2-58B1270FF451} = {A40124F7-489F-4B40-84CD-C1B4AC55D8AA}
		{2A519DB1-019E-4013-B576-85DC1A90159F} = {DDE9477B-7AB5-480B-B1B2-58B1270FF451}
		{38258373-0948-434E-A3C3-82AA56F20857} = {DDE9477B-7AB5-480B-B1B2-58B1270FF451}
		{41B97CF7-9D18-4118-A011-0611CC810544} = {A40124F7-489F-4B40-84CD-C1B4AC55D8AA}
		{4DC6E644-6F00-41FC-A62D-CDF305418A91} = {41B97CF7-9D18-4118-A011-0611CC810544}
		{E7942988-9C1C-4270-946D-1C01B9F169D6} = {41B97CF7-9D18-4118-A011-0611CC810544}
		{9230DC13-8482-47D1-BC1C-6D259D1D0140} = {A40124F7-489F-4B40-84CD-C1B4AC55D8AA}
		{CE7CD3B1-2BDC-4626-8445-CF48E497F440} = {9230DC13-8482-47D1-BC1C-6D259D1D0140}
		{E746A174-8987-49D3-9DBA-C88F4D9B017A} = {9230DC13-8482-47D1-BC1C-6D259D1D0140}
		{4CEF2C8B-E0D9-4090-8D6B-52D75D9A055D} = {9230DC13-8482-47D1-BC1C-6D259D1D0140}
		{092216A5-2569-43FF-9A65-7A11CDA16762} = {A40124F7-489F-4B40-84CD-C1B4AC55D8AA}
		{1AA0F11E-25C9-4DFB-A590-C078FA89C094} = {41B97CF7-9D18-4118-A011-0611CC810544}
		{414B95B0-11B1-4178-B2DC-7C02D6124746} = {100CF025-391F-47A9-9904-A8C16C15B6E9}
		{100CF025-391F-47A9-9904-A8C16C15B6E9} = {A40124F7-489F-4B40-84CD-C1B4AC55D8AA}
		{D874CA27-50C1-49C6-9AC3-A9FE34991DD5} = {100CF025-391F-47A9-9904-A8C16C15B6E9}
		{CA9494E8-DBFC-4DA4-9C0B-34AE6E108730} = {A40124F7-489F-4B40-84CD-C1B4AC55D8AA}
		{1A21046A-653E-4D98-94AB-533756281434} = {CA9494E8-DBFC-4DA4-9C0B-34AE6E108730}
	EndGlobalSection
	GlobalSection(ExtensibilityGlobals) = postSolution
		SolutionGuid = {984C7637-B4D3-4E81-904A-B5B0C9165645}
	EndGlobalSection
EndGlobal
